
Microsoft Visual Studio Solution File, Format Version 12.00
# Visual Studio Version 17
VisualStudioVersion = 17.5.33103.201
MinimumVisualStudioVersion = 10.0.40219.1
Project("{9A19103F-16F7-4668-BE54-9A1E7A4F7556}") = "SmallSharp", "src\SmallSharp\SmallSharp.csproj", "{97648980-AA30-4AC0-B8E9-FCF6359F56A0}"
EndProject
Global
	GlobalSection(SolutionConfigurationPlatforms) = preSolution
		Debug|Any CPU = Debug|Any CPU
		Release|Any CPU = Release|Any CPU
	EndGlobalSection
	GlobalSection(ProjectConfigurationPlatforms) = postSolution
		{97648980-AA30-4AC0-B8E9-FCF6359F56A0}.Debug|Any CPU.ActiveCfg = Debug|Any CPU
		{97648980-AA30-4AC0-B8E9-FCF6359F56A0}.Debug|Any CPU.Build.0 = Debug|Any CPU
		{97648980-AA30-4AC0-B8E9-FCF6359F56A0}.Release|Any CPU.ActiveCfg = Release|Any CPU
		{97648980-AA30-4AC0-B8E9-FCF6359F56A0}.Release|Any CPU.Build.0 = Release|Any CPU
	EndGlobalSection
	GlobalSection(SolutionProperties) = preSolution
		HideSolutionNode = FALSE
	EndGlobalSection
	GlobalSection(ExtensibilityGlobals) = postSolution
		SolutionGuid = {2849AE8F-FC37-4843-98E6-1D3EC523B758}
	EndGlobalSection
EndGlobal
